
Microsoft Visual Studio Solution File, Format Version 12.00
# Visual Studio Version 17
VisualStudioVersion = 17.4.33213.308
MinimumVisualStudioVersion = 10.0.40219.1
Project("{FAE04EC0-301F-11D3-BF4B-00C04F79EFBC}") = "WebEnterpriseProject", "WebEnterpriseProject\WebEnterpriseProject.csproj", "{19A26DF6-0A64-45BE-AC1A-A2FD282B608E}"
EndProject
Global
	GlobalSection(SolutionConfigurationPlatforms) = preSolution
		Debug|Any CPU = Debug|Any CPU
		Release|Any CPU = Release|Any CPU
	EndGlobalSection
	GlobalSection(ProjectConfigurationPlatforms) = postSolution
		{19A26DF6-0A64-45BE-AC1A-A2FD282B608E}.Debug|Any CPU.ActiveCfg = Debug|Any CPU
		{19A26DF6-0A64-45BE-AC1A-A2FD282B608E}.Debug|Any CPU.Build.0 = Debug|Any CPU
		{19A26DF6-0A64-45BE-AC1A-A2FD282B608E}.Release|Any CPU.ActiveCfg = Release|Any CPU
		{19A26DF6-0A64-45BE-AC1A-A2FD282B608E}.Release|Any CPU.Build.0 = Release|Any CPU
	EndGlobalSection
	GlobalSection(SolutionProperties) = preSolution
		HideSolutionNode = FALSE
	EndGlobalSection
	GlobalSection(ExtensibilityGlobals) = postSolution
		SolutionGuid = {00EBDA95-8449-4A2D-A6A7-C907503AD853}
	EndGlobalSection
EndGlobal
